
Microsoft Visual Studio Solution File, Format Version 12.00
# Visual Studio Express 15 for Windows Desktop
VisualStudioVersion = 15.0.28307.1000
MinimumVisualStudioVersion = 10.0.40219.1
Project("{FAE04EC0-301F-11D3-BF4B-00C04F79EFBC}") = "ValidParentheses", "ValidParentheses\ValidParentheses.csproj", "{2FFD9D4D-CC7C-4CB7-B40A-5E23ED850279}"
EndProject
Global
	GlobalSection(SolutionConfigurationPlatforms) = preSolution
		Debug|Any CPU = Debug|Any CPU
		Release|Any CPU = Release|Any CPU
	EndGlobalSection
	GlobalSection(ProjectConfigurationPlatforms) = postSolution
		{2FFD9D4D-CC7C-4CB7-B40A-5E23ED850279}.Debug|Any CPU.ActiveCfg = Debug|Any CPU
		{2FFD9D4D-CC7C-4CB7-B40A-5E23ED850279}.Debug|Any CPU.Build.0 = Debug|Any CPU
		{2FFD9D4D-CC7C-4CB7-B40A-5E23ED850279}.Release|Any CPU.ActiveCfg = Release|Any CPU
		{2FFD9D4D-CC7C-4CB7-B40A-5E23ED850279}.Release|Any CPU.Build.0 = Release|Any CPU
	EndGlobalSection
	GlobalSection(SolutionProperties) = preSolution
		HideSolutionNode = FALSE
	EndGlobalSection
	GlobalSection(ExtensibilityGlobals) = postSolution
		SolutionGuid = {EAF2A51F-900C-48CD-B3BD-D00B645F16CF}
	EndGlobalSection
EndGlobal
