
Microsoft Visual Studio Solution File, Format Version 12.00
# Visual Studio Express 15 for Windows Desktop
VisualStudioVersion = 15.0.28307.1000
MinimumVisualStudioVersion = 10.0.40219.1
Project("{FAE04EC0-301F-11D3-BF4B-00C04F79EFBC}") = "PalindromeNumber", "PalindromeNumber\PalindromeNumber.csproj", "{6977E44F-AC0C-4475-84AD-8D507EF6151B}"
EndProject
Global
	GlobalSection(SolutionConfigurationPlatforms) = preSolution
		Debug|Any CPU = Debug|Any CPU
		Release|Any CPU = Release|Any CPU
	EndGlobalSection
	GlobalSection(ProjectConfigurationPlatforms) = postSolution
		{6977E44F-AC0C-4475-84AD-8D507EF6151B}.Debug|Any CPU.ActiveCfg = Debug|Any CPU
		{6977E44F-AC0C-4475-84AD-8D507EF6151B}.Debug|Any CPU.Build.0 = Debug|Any CPU
		{6977E44F-AC0C-4475-84AD-8D507EF6151B}.Release|Any CPU.ActiveCfg = Release|Any CPU
		{6977E44F-AC0C-4475-84AD-8D507EF6151B}.Release|Any CPU.Build.0 = Release|Any CPU
	EndGlobalSection
	GlobalSection(SolutionProperties) = preSolution
		HideSolutionNode = FALSE
	EndGlobalSection
	GlobalSection(ExtensibilityGlobals) = postSolution
		SolutionGuid = {75CF36F6-04D1-402A-A923-0899DFF71E82}
	EndGlobalSection
EndGlobal
