
Microsoft Visual Studio Solution File, Format Version 12.00
# Visual Studio Express 15 for Windows Desktop
VisualStudioVersion = 15.0.28307.1000
MinimumVisualStudioVersion = 10.0.40219.1
Project("{FAE04EC0-301F-11D3-BF4B-00C04F79EFBC}") = "LongestCommonPrefix", "LongestCommonPrefix\LongestCommonPrefix.csproj", "{3501436B-5200-491C-B3E5-D275B654FCC9}"
EndProject
Global
	GlobalSection(SolutionConfigurationPlatforms) = preSolution
		Debug|Any CPU = Debug|Any CPU
		Release|Any CPU = Release|Any CPU
	EndGlobalSection
	GlobalSection(ProjectConfigurationPlatforms) = postSolution
		{3501436B-5200-491C-B3E5-D275B654FCC9}.Debug|Any CPU.ActiveCfg = Debug|Any CPU
		{3501436B-5200-491C-B3E5-D275B654FCC9}.Debug|Any CPU.Build.0 = Debug|Any CPU
		{3501436B-5200-491C-B3E5-D275B654FCC9}.Release|Any CPU.ActiveCfg = Release|Any CPU
		{3501436B-5200-491C-B3E5-D275B654FCC9}.Release|Any CPU.Build.0 = Release|Any CPU
	EndGlobalSection
	GlobalSection(SolutionProperties) = preSolution
		HideSolutionNode = FALSE
	EndGlobalSection
	GlobalSection(ExtensibilityGlobals) = postSolution
		SolutionGuid = {8746FC0C-4136-4019-AE8B-A322EC6E3AB2}
	EndGlobalSection
EndGlobal
